
Microsoft Visual Studio Solution File, Format Version 12.00
Project("{2150E333-8FDC-42A3-9474-1A3956D46DE8}") = "Services", "Services", "{45745953-01AE-49E6-A759-8BC54743DBC9}"
EndProject
Project("{2150E333-8FDC-42A3-9474-1A3956D46DE8}") = "Catalog", "Catalog", "{A1DA19AF-8513-4FFF-A510-450EBBF855F3}"
EndProject
Project("{FAE04EC0-301F-11D3-BF4B-00C04F79EFBC}") = "Catalog.Api", "Catalog.Api\Catalog.Api.csproj", "{626EC445-F0BC-435B-AA44-B0CBFB8E1E09}"
EndProject
Project("{2150E333-8FDC-42A3-9474-1A3956D46DE8}") = "BuildingBlocks", "BuildingBlocks", "{08216395-42E9-492D-82D8-1CD5CD89E736}"
EndProject
Project("{FAE04EC0-301F-11D3-BF4B-00C04F79EFBC}") = "BuildingBlocks", "BuildingBlocks\BuildingBlocks\BuildingBlocks.csproj", "{F419BF7B-64BF-45DD-AD32-39529B51F03E}"
EndProject
Project("{2150E333-8FDC-42A3-9474-1A3956D46DE8}") = "Solution Items", "Solution Items", "{42E989CE-1660-4B55-B1EB-0E4B96C9C088}"
	ProjectSection(SolutionItems) = preProject
		docker-compose.yml = docker-compose.yml
		docker-compose.override.yml = docker-compose.override.yml
	EndProjectSection
EndProject
Project("{2150E333-8FDC-42A3-9474-1A3956D46DE8}") = "Basket", "Basket", "{B51399AA-FCB5-460E-96D1-6BCFF8D19606}"
EndProject
Project("{FAE04EC0-301F-11D3-BF4B-00C04F79EFBC}") = "Basket.Api", "Basket.Api\Basket.Api.csproj", "{EB8C8B6F-2CB5-4C12-97D6-B1F3EEB39453}"
EndProject
Project("{2150E333-8FDC-42A3-9474-1A3956D46DE8}") = "Discount", "Discount", "{466B83D6-C17E-4A54-AB52-5B10C76DCC3D}"
EndProject
Project("{FAE04EC0-301F-11D3-BF4B-00C04F79EFBC}") = "Discount.Grpc", "Discount.Grpc\Discount.Grpc.csproj", "{1C6F9EA8-4482-4195-A79A-E92EC7DFFEAD}"
EndProject
Project("{2150E333-8FDC-42A3-9474-1A3956D46DE8}") = "Ordering", "Ordering", "{0E68B9E2-F97F-43AC-BC3F-9D1C39CAC4EC}"
EndProject
Project("{FAE04EC0-301F-11D3-BF4B-00C04F79EFBC}") = "Ordering.Api", "Ordering.Api\Ordering.Api.csproj", "{520098F1-6F91-4520-BA3A-C30BFBA57D74}"
EndProject
Project("{FAE04EC0-301F-11D3-BF4B-00C04F79EFBC}") = "Ordering.Application", "Ordering.Application\Ordering.Application.csproj", "{0E7F9340-41A9-4E14-B22C-7D644D3F0F88}"
EndProject
Project("{FAE04EC0-301F-11D3-BF4B-00C04F79EFBC}") = "Ordering.Domain", "Ordering.Domain\Ordering.Domain.csproj", "{A0772012-924E-443C-8209-406C1B27B210}"
EndProject
Project("{FAE04EC0-301F-11D3-BF4B-00C04F79EFBC}") = "Ordering.Infrastructure", "Ordering.Infrastructure\Ordering.Infrastructure.csproj", "{803BD830-FB7C-430E-9104-9B08C68424B6}"
EndProject
Project("{FAE04EC0-301F-11D3-BF4B-00C04F79EFBC}") = "BuildingBlocks.Core", "BuildingBlocks\BuildingBlocks.Core\BuildingBlocks.Core.csproj", "{141E0334-CA0D-48BD-AE39-D65BE7E41A92}"
EndProject
Project("{FAE04EC0-301F-11D3-BF4B-00C04F79EFBC}") = "BuildingBlocks.Messaging", "BuildingBlocks\BuildingBlocks.Messaging\BuildingBlocks.Messaging.csproj", "{6B35E35B-87E9-4E46-994A-19DF771EE391}"
EndProject
Global
	GlobalSection(SolutionConfigurationPlatforms) = preSolution
		Debug|Any CPU = Debug|Any CPU
		Release|Any CPU = Release|Any CPU
	EndGlobalSection
	GlobalSection(NestedProjects) = preSolution
		{A1DA19AF-8513-4FFF-A510-450EBBF855F3} = {45745953-01AE-49E6-A759-8BC54743DBC9}
		{626EC445-F0BC-435B-AA44-B0CBFB8E1E09} = {A1DA19AF-8513-4FFF-A510-450EBBF855F3}
		{F419BF7B-64BF-45DD-AD32-39529B51F03E} = {08216395-42E9-492D-82D8-1CD5CD89E736}
		{B51399AA-FCB5-460E-96D1-6BCFF8D19606} = {45745953-01AE-49E6-A759-8BC54743DBC9}
		{EB8C8B6F-2CB5-4C12-97D6-B1F3EEB39453} = {B51399AA-FCB5-460E-96D1-6BCFF8D19606}
		{466B83D6-C17E-4A54-AB52-5B10C76DCC3D} = {45745953-01AE-49E6-A759-8BC54743DBC9}
		{1C6F9EA8-4482-4195-A79A-E92EC7DFFEAD} = {466B83D6-C17E-4A54-AB52-5B10C76DCC3D}
		{0E68B9E2-F97F-43AC-BC3F-9D1C39CAC4EC} = {45745953-01AE-49E6-A759-8BC54743DBC9}
		{520098F1-6F91-4520-BA3A-C30BFBA57D74} = {0E68B9E2-F97F-43AC-BC3F-9D1C39CAC4EC}
		{0E7F9340-41A9-4E14-B22C-7D644D3F0F88} = {0E68B9E2-F97F-43AC-BC3F-9D1C39CAC4EC}
		{A0772012-924E-443C-8209-406C1B27B210} = {0E68B9E2-F97F-43AC-BC3F-9D1C39CAC4EC}
		{803BD830-FB7C-430E-9104-9B08C68424B6} = {0E68B9E2-F97F-43AC-BC3F-9D1C39CAC4EC}
		{141E0334-CA0D-48BD-AE39-D65BE7E41A92} = {08216395-42E9-492D-82D8-1CD5CD89E736}
		{6B35E35B-87E9-4E46-994A-19DF771EE391} = {08216395-42E9-492D-82D8-1CD5CD89E736}
	EndGlobalSection
	GlobalSection(ProjectConfigurationPlatforms) = postSolution
		{626EC445-F0BC-435B-AA44-B0CBFB8E1E09}.Debug|Any CPU.ActiveCfg = Debug|Any CPU
		{626EC445-F0BC-435B-AA44-B0CBFB8E1E09}.Debug|Any CPU.Build.0 = Debug|Any CPU
		{626EC445-F0BC-435B-AA44-B0CBFB8E1E09}.Release|Any CPU.ActiveCfg = Release|Any CPU
		{626EC445-F0BC-435B-AA44-B0CBFB8E1E09}.Release|Any CPU.Build.0 = Release|Any CPU
		{F419BF7B-64BF-45DD-AD32-39529B51F03E}.Debug|Any CPU.ActiveCfg = Debug|Any CPU
		{F419BF7B-64BF-45DD-AD32-39529B51F03E}.Debug|Any CPU.Build.0 = Debug|Any CPU
		{F419BF7B-64BF-45DD-AD32-39529B51F03E}.Release|Any CPU.ActiveCfg = Release|Any CPU
		{F419BF7B-64BF-45DD-AD32-39529B51F03E}.Release|Any CPU.Build.0 = Release|Any CPU
		{EB8C8B6F-2CB5-4C12-97D6-B1F3EEB39453}.Debug|Any CPU.ActiveCfg = Debug|Any CPU
		{EB8C8B6F-2CB5-4C12-97D6-B1F3EEB39453}.Debug|Any CPU.Build.0 = Debug|Any CPU
		{EB8C8B6F-2CB5-4C12-97D6-B1F3EEB39453}.Release|Any CPU.ActiveCfg = Release|Any CPU
		{EB8C8B6F-2CB5-4C12-97D6-B1F3EEB39453}.Release|Any CPU.Build.0 = Release|Any CPU
		{1C6F9EA8-4482-4195-A79A-E92EC7DFFEAD}.Debug|Any CPU.ActiveCfg = Debug|Any CPU
		{1C6F9EA8-4482-4195-A79A-E92EC7DFFEAD}.Debug|Any CPU.Build.0 = Debug|Any CPU
		{1C6F9EA8-4482-4195-A79A-E92EC7DFFEAD}.Release|Any CPU.ActiveCfg = Release|Any CPU
		{1C6F9EA8-4482-4195-A79A-E92EC7DFFEAD}.Release|Any CPU.Build.0 = Release|Any CPU
		{520098F1-6F91-4520-BA3A-C30BFBA57D74}.Debug|Any CPU.ActiveCfg = Debug|Any CPU
		{520098F1-6F91-4520-BA3A-C30BFBA57D74}.Debug|Any CPU.Build.0 = Debug|Any CPU
		{520098F1-6F91-4520-BA3A-C30BFBA57D74}.Release|Any CPU.ActiveCfg = Release|Any CPU
		{520098F1-6F91-4520-BA3A-C30BFBA57D74}.Release|Any CPU.Build.0 = Release|Any CPU
		{0E7F9340-41A9-4E14-B22C-7D644D3F0F88}.Debug|Any CPU.ActiveCfg = Debug|Any CPU
		{0E7F9340-41A9-4E14-B22C-7D644D3F0F88}.Debug|Any CPU.Build.0 = Debug|Any CPU
		{0E7F9340-41A9-4E14-B22C-7D644D3F0F88}.Release|Any CPU.ActiveCfg = Release|Any CPU
		{0E7F9340-41A9-4E14-B22C-7D644D3F0F88}.Release|Any CPU.Build.0 = Release|Any CPU
		{A0772012-924E-443C-8209-406C1B27B210}.Debug|Any CPU.ActiveCfg = Debug|Any CPU
		{A0772012-924E-443C-8209-406C1B27B210}.Debug|Any CPU.Build.0 = Debug|Any CPU
		{A0772012-924E-443C-8209-406C1B27B210}.Release|Any CPU.ActiveCfg = Release|Any CPU
		{A0772012-924E-443C-8209-406C1B27B210}.Release|Any CPU.Build.0 = Release|Any CPU
		{803BD830-FB7C-430E-9104-9B08C68424B6}.Debug|Any CPU.ActiveCfg = Debug|Any CPU
		{803BD830-FB7C-430E-9104-9B08C68424B6}.Debug|Any CPU.Build.0 = Debug|Any CPU
		{803BD830-FB7C-430E-9104-9B08C68424B6}.Release|Any CPU.ActiveCfg = Release|Any CPU
		{803BD830-FB7C-430E-9104-9B08C68424B6}.Release|Any CPU.Build.0 = Release|Any CPU
		{141E0334-CA0D-48BD-AE39-D65BE7E41A92}.Debug|Any CPU.ActiveCfg = Debug|Any CPU
		{141E0334-CA0D-48BD-AE39-D65BE7E41A92}.Debug|Any CPU.Build.0 = Debug|Any CPU
		{141E0334-CA0D-48BD-AE39-D65BE7E41A92}.Release|Any CPU.ActiveCfg = Release|Any CPU
		{141E0334-CA0D-48BD-AE39-D65BE7E41A92}.Release|Any CPU.Build.0 = Release|Any CPU
		{6B35E35B-87E9-4E46-994A-19DF771EE391}.Debug|Any CPU.ActiveCfg = Debug|Any CPU
		{6B35E35B-87E9-4E46-994A-19DF771EE391}.Debug|Any CPU.Build.0 = Debug|Any CPU
		{6B35E35B-87E9-4E46-994A-19DF771EE391}.Release|Any CPU.ActiveCfg = Release|Any CPU
		{6B35E35B-87E9-4E46-994A-19DF771EE391}.Release|Any CPU.Build.0 = Release|Any CPU
	EndGlobalSection
EndGlobal
